
Microsoft Visual Studio Solution File, Format Version 12.00
# Visual Studio Version 17
VisualStudioVersion = 17.10.35013.160
MinimumVisualStudioVersion = 10.0.40219.1
Project("{FAE04EC0-301F-11D3-BF4B-00C04F79EFBC}") = "ChatSystem", "ChatSystem.csproj", "{B3A1BF1B-D517-45F6-9331-AA9420BE1C68}"
EndProject
Global
	GlobalSection(SolutionConfigurationPlatforms) = preSolution
		Debug|Any CPU = Debug|Any CPU
		Release|Any CPU = Release|Any CPU
	EndGlobalSection
	GlobalSection(ProjectConfigurationPlatforms) = postSolution
		{B3A1BF1B-D517-45F6-9331-AA9420BE1C68}.Debug|Any CPU.ActiveCfg = Debug|Any CPU
		{B3A1BF1B-D517-45F6-9331-AA9420BE1C68}.Debug|Any CPU.Build.0 = Debug|Any CPU
		{B3A1BF1B-D517-45F6-9331-AA9420BE1C68}.Release|Any CPU.ActiveCfg = Release|Any CPU
		{B3A1BF1B-D517-45F6-9331-AA9420BE1C68}.Release|Any CPU.Build.0 = Release|Any CPU
	EndGlobalSection
	GlobalSection(SolutionProperties) = preSolution
		HideSolutionNode = FALSE
	EndGlobalSection
	GlobalSection(ExtensibilityGlobals) = postSolution
		SolutionGuid = {04CA65B8-8CBC-4C0A-964B-D90FB21C35F6}
	EndGlobalSection
EndGlobal
